PODS:
  - Alamofire (4.5.0)
  - RappleProgressHUD (2.3.1)

DEPENDENCIES:
  - Alamofire (~> 4.4)
  - RappleProgressHUD

SPEC CHECKSUMS:
  Alamofire: f28cdffd29de33a7bfa022cbd63ae95a27fae140
  RappleProgressHUD: 3c776b1ac0a05e7d9b0165d819162581902d23a1

PODFILE CHECKSUM: fe259e464b92b767a6f7dda01bb355061ebb3e59

COCOAPODS: 1.3.1
